
Microsoft Visual Studio Solution File, Format Version 12.00
# Visual Studio Version 16
VisualStudioVersion = 16.0.31410.357
MinimumVisualStudioVersion = 10.0.40219.1
Project("{FAE04EC0-301F-11D3-BF4B-00C04F79EFBC}") = "Doan-ASP.NET-MVC", "Doan-ASP.NET-MVC.csproj", "{35AB771A-4F54-413C-A95B-4BC802ADCDB1}"
EndProject
Global
	GlobalSection(SolutionConfigurationPlatforms) = preSolution
		Debug|Any CPU = Debug|Any CPU
		Release|Any CPU = Release|Any CPU
	EndGlobalSection
	GlobalSection(ProjectConfigurationPlatforms) = postSolution
		{35AB771A-4F54-413C-A95B-4BC802ADCDB1}.Debug|Any CPU.ActiveCfg = Debug|Any CPU
		{35AB771A-4F54-413C-A95B-4BC802ADCDB1}.Debug|Any CPU.Build.0 = Debug|Any CPU
		{35AB771A-4F54-413C-A95B-4BC802ADCDB1}.Release|Any CPU.ActiveCfg = Release|Any CPU
		{35AB771A-4F54-413C-A95B-4BC802ADCDB1}.Release|Any CPU.Build.0 = Release|Any CPU
	EndGlobalSection
	GlobalSection(SolutionProperties) = preSolution
		HideSolutionNode = FALSE
	EndGlobalSection
	GlobalSection(ExtensibilityGlobals) = postSolution
		SolutionGuid = {D0FDD3E3-307C-4DE9-8724-100C3AD39B10}
	EndGlobalSection
EndGlobal
